
Microsoft Visual Studio Solution File, Format Version 12.00
# Visual Studio Version 17
VisualStudioVersion = 17.14.36518.9 d17.14
MinimumVisualStudioVersion = 10.0.40219.1
Project("{FAE04EC0-301F-11D3-BF4B-00C04F79EFBC}") = "NobelDijasok", "NobelDijasok\NobelDijasok.csproj", "{011DE759-9DE6-42C1-A671-9735D3DF8F74}"
EndProject
Global
	GlobalSection(SolutionConfigurationPlatforms) = preSolution
		Debug|Any CPU = Debug|Any CPU
		Release|Any CPU = Release|Any CPU
	EndGlobalSection
	GlobalSection(ProjectConfigurationPlatforms) = postSolution
		{011DE759-9DE6-42C1-A671-9735D3DF8F74}.Debug|Any CPU.ActiveCfg = Debug|Any CPU
		{011DE759-9DE6-42C1-A671-9735D3DF8F74}.Debug|Any CPU.Build.0 = Debug|Any CPU
		{011DE759-9DE6-42C1-A671-9735D3DF8F74}.Release|Any CPU.ActiveCfg = Release|Any CPU
		{011DE759-9DE6-42C1-A671-9735D3DF8F74}.Release|Any CPU.Build.0 = Release|Any CPU
	EndGlobalSection
	GlobalSection(SolutionProperties) = preSolution
		HideSolutionNode = FALSE
	EndGlobalSection
	GlobalSection(ExtensibilityGlobals) = postSolution
		SolutionGuid = {A9CCE05A-D150-43C2-98BA-751234D500F5}
	EndGlobalSection
EndGlobal
