
Microsoft Visual Studio Solution File, Format Version 12.00
# Visual Studio Version 17
VisualStudioVersion = 17.14.36518.9 d17.14
MinimumVisualStudioVersion = 10.0.40219.1
Project("{FAE04EC0-301F-11D3-BF4B-00C04F79EFBC}") = "WpfAblakok", "WpfAblakok\WpfAblakok.csproj", "{0AC2513C-308A-4710-A8C8-80C07B12600A}"
EndProject
Global
	GlobalSection(SolutionConfigurationPlatforms) = preSolution
		Debug|Any CPU = Debug|Any CPU
		Release|Any CPU = Release|Any CPU
	EndGlobalSection
	GlobalSection(ProjectConfigurationPlatforms) = postSolution
		{0AC2513C-308A-4710-A8C8-80C07B12600A}.Debug|Any CPU.ActiveCfg = Debug|Any CPU
		{0AC2513C-308A-4710-A8C8-80C07B12600A}.Debug|Any CPU.Build.0 = Debug|Any CPU
		{0AC2513C-308A-4710-A8C8-80C07B12600A}.Release|Any CPU.ActiveCfg = Release|Any CPU
		{0AC2513C-308A-4710-A8C8-80C07B12600A}.Release|Any CPU.Build.0 = Release|Any CPU
	EndGlobalSection
	GlobalSection(SolutionProperties) = preSolution
		HideSolutionNode = FALSE
	EndGlobalSection
	GlobalSection(ExtensibilityGlobals) = postSolution
		SolutionGuid = {26CEFA64-690E-47F9-9723-A6737E1BEAE1}
	EndGlobalSection
EndGlobal
