
Microsoft Visual Studio Solution File, Format Version 12.00
# Visual Studio Version 17
VisualStudioVersion = 17.14.36518.9 d17.14
MinimumVisualStudioVersion = 10.0.40219.1
Project("{FAE04EC0-301F-11D3-BF4B-00C04F79EFBC}") = "Interfesz", "Interfesz\Interfesz.csproj", "{290B2909-5747-4E77-8FED-37F5A81D5F2D}"
EndProject
Global
	GlobalSection(SolutionConfigurationPlatforms) = preSolution
		Debug|Any CPU = Debug|Any CPU
		Release|Any CPU = Release|Any CPU
	EndGlobalSection
	GlobalSection(ProjectConfigurationPlatforms) = postSolution
		{290B2909-5747-4E77-8FED-37F5A81D5F2D}.Debug|Any CPU.ActiveCfg = Debug|Any CPU
		{290B2909-5747-4E77-8FED-37F5A81D5F2D}.Debug|Any CPU.Build.0 = Debug|Any CPU
		{290B2909-5747-4E77-8FED-37F5A81D5F2D}.Release|Any CPU.ActiveCfg = Release|Any CPU
		{290B2909-5747-4E77-8FED-37F5A81D5F2D}.Release|Any CPU.Build.0 = Release|Any CPU
	EndGlobalSection
	GlobalSection(SolutionProperties) = preSolution
		HideSolutionNode = FALSE
	EndGlobalSection
	GlobalSection(ExtensibilityGlobals) = postSolution
		SolutionGuid = {799F5BAC-DD47-45EC-9764-E64044D67838}
	EndGlobalSection
EndGlobal
