
Microsoft Visual Studio Solution File, Format Version 12.00
# Visual Studio Version 17
VisualStudioVersion = 17.14.36518.9 d17.14
MinimumVisualStudioVersion = 10.0.40219.1
Project("{FAE04EC0-301F-11D3-BF4B-00C04F79EFBC}") = "EU", "EU\EU.csproj", "{BFCFBE26-1F6E-4191-81E5-8438E49F536F}"
EndProject
Global
	GlobalSection(SolutionConfigurationPlatforms) = preSolution
		Debug|Any CPU = Debug|Any CPU
		Release|Any CPU = Release|Any CPU
	EndGlobalSection
	GlobalSection(ProjectConfigurationPlatforms) = postSolution
		{BFCFBE26-1F6E-4191-81E5-8438E49F536F}.Debug|Any CPU.ActiveCfg = Debug|Any CPU
		{BFCFBE26-1F6E-4191-81E5-8438E49F536F}.Debug|Any CPU.Build.0 = Debug|Any CPU
		{BFCFBE26-1F6E-4191-81E5-8438E49F536F}.Release|Any CPU.ActiveCfg = Release|Any CPU
		{BFCFBE26-1F6E-4191-81E5-8438E49F536F}.Release|Any CPU.Build.0 = Release|Any CPU
	EndGlobalSection
	GlobalSection(SolutionProperties) = preSolution
		HideSolutionNode = FALSE
	EndGlobalSection
	GlobalSection(ExtensibilityGlobals) = postSolution
		SolutionGuid = {97A94527-81BF-4E84-8231-53C6690F30AE}
	EndGlobalSection
EndGlobal
