
Microsoft Visual Studio Solution File, Format Version 12.00
# Visual Studio Version 17
VisualStudioVersion = 17.14.36518.9 d17.14
MinimumVisualStudioVersion = 10.0.40219.1
Project("{FAE04EC0-301F-11D3-BF4B-00C04F79EFBC}") = "Idozitok", "Idozitok\Idozitok.csproj", "{CF4F3FEF-F6AB-462D-9AC4-BFB7CD13E2C2}"
EndProject
Project("{FAE04EC0-301F-11D3-BF4B-00C04F79EFBC}") = "WpfIdozito", "WpfIdozito\WpfIdozito.csproj", "{9F7BD273-784A-4675-B0FB-2A872D2CB4E3}"
EndProject
Global
	GlobalSection(SolutionConfigurationPlatforms) = preSolution
		Debug|Any CPU = Debug|Any CPU
		Release|Any CPU = Release|Any CPU
	EndGlobalSection
	GlobalSection(ProjectConfigurationPlatforms) = postSolution
		{CF4F3FEF-F6AB-462D-9AC4-BFB7CD13E2C2}.Debug|Any CPU.ActiveCfg = Debug|Any CPU
		{CF4F3FEF-F6AB-462D-9AC4-BFB7CD13E2C2}.Debug|Any CPU.Build.0 = Debug|Any CPU
		{CF4F3FEF-F6AB-462D-9AC4-BFB7CD13E2C2}.Release|Any CPU.ActiveCfg = Release|Any CPU
		{CF4F3FEF-F6AB-462D-9AC4-BFB7CD13E2C2}.Release|Any CPU.Build.0 = Release|Any CPU
		{9F7BD273-784A-4675-B0FB-2A872D2CB4E3}.Debug|Any CPU.ActiveCfg = Debug|Any CPU
		{9F7BD273-784A-4675-B0FB-2A872D2CB4E3}.Debug|Any CPU.Build.0 = Debug|Any CPU
		{9F7BD273-784A-4675-B0FB-2A872D2CB4E3}.Release|Any CPU.ActiveCfg = Release|Any CPU
		{9F7BD273-784A-4675-B0FB-2A872D2CB4E3}.Release|Any CPU.Build.0 = Release|Any CPU
	EndGlobalSection
	GlobalSection(SolutionProperties) = preSolution
		HideSolutionNode = FALSE
	EndGlobalSection
	GlobalSection(ExtensibilityGlobals) = postSolution
		SolutionGuid = {40B26290-6644-4C52-8CDD-2F4624B73C5B}
	EndGlobalSection
EndGlobal
