
Microsoft Visual Studio Solution File, Format Version 12.00
# Visual Studio Version 17
VisualStudioVersion = 17.14.36518.9 d17.14
MinimumVisualStudioVersion = 10.0.40219.1
Project("{FAE04EC0-301F-11D3-BF4B-00C04F79EFBC}") = "WpfAdatBinding", "WpfAdatBinding\WpfAdatBinding.csproj", "{563E0E8C-52E3-4F95-A0DB-73A2C56E9BD9}"
EndProject
Global
	GlobalSection(SolutionConfigurationPlatforms) = preSolution
		Debug|Any CPU = Debug|Any CPU
		Release|Any CPU = Release|Any CPU
	EndGlobalSection
	GlobalSection(ProjectConfigurationPlatforms) = postSolution
		{563E0E8C-52E3-4F95-A0DB-73A2C56E9BD9}.Debug|Any CPU.ActiveCfg = Debug|Any CPU
		{563E0E8C-52E3-4F95-A0DB-73A2C56E9BD9}.Debug|Any CPU.Build.0 = Debug|Any CPU
		{563E0E8C-52E3-4F95-A0DB-73A2C56E9BD9}.Release|Any CPU.ActiveCfg = Release|Any CPU
		{563E0E8C-52E3-4F95-A0DB-73A2C56E9BD9}.Release|Any CPU.Build.0 = Release|Any CPU
	EndGlobalSection
	GlobalSection(SolutionProperties) = preSolution
		HideSolutionNode = FALSE
	EndGlobalSection
	GlobalSection(ExtensibilityGlobals) = postSolution
		SolutionGuid = {468823AC-008B-4CE3-AEB0-68FFDF1183E3}
	EndGlobalSection
EndGlobal
