
Microsoft Visual Studio Solution File, Format Version 12.00
# Visual Studio Version 17
VisualStudioVersion = 17.14.37301.10 d17.14
MinimumVisualStudioVersion = 10.0.40219.1
Project("{FAE04EC0-301F-11D3-BF4B-00C04F79EFBC}") = "WpfFileList", "WpfFileList\WpfFileList.csproj", "{1884DDED-6B15-4DAB-9F78-59FE94A01D1A}"
EndProject
Global
	GlobalSection(SolutionConfigurationPlatforms) = preSolution
		Debug|Any CPU = Debug|Any CPU
		Release|Any CPU = Release|Any CPU
	EndGlobalSection
	GlobalSection(ProjectConfigurationPlatforms) = postSolution
		{1884DDED-6B15-4DAB-9F78-59FE94A01D1A}.Debug|Any CPU.ActiveCfg = Debug|Any CPU
		{1884DDED-6B15-4DAB-9F78-59FE94A01D1A}.Debug|Any CPU.Build.0 = Debug|Any CPU
		{1884DDED-6B15-4DAB-9F78-59FE94A01D1A}.Release|Any CPU.ActiveCfg = Release|Any CPU
		{1884DDED-6B15-4DAB-9F78-59FE94A01D1A}.Release|Any CPU.Build.0 = Release|Any CPU
	EndGlobalSection
	GlobalSection(SolutionProperties) = preSolution
		HideSolutionNode = FALSE
	EndGlobalSection
	GlobalSection(ExtensibilityGlobals) = postSolution
		SolutionGuid = {FBE7A06F-0B9E-4CE1-BA0B-28D30DCB3CE6}
	EndGlobalSection
EndGlobal
