
Microsoft Visual Studio Solution File, Format Version 12.00
# Visual Studio Version 17
VisualStudioVersion = 17.14.36518.9 d17.14
MinimumVisualStudioVersion = 10.0.40219.1
Project("{FAE04EC0-301F-11D3-BF4B-00C04F79EFBC}") = "WpfIdojaras", "WpfIdojaras\WpfIdojaras.csproj", "{C8C80A27-02BF-407D-9CC3-F8455AAFD1F1}"
EndProject
Global
	GlobalSection(SolutionConfigurationPlatforms) = preSolution
		Debug|Any CPU = Debug|Any CPU
		Release|Any CPU = Release|Any CPU
	EndGlobalSection
	GlobalSection(ProjectConfigurationPlatforms) = postSolution
		{C8C80A27-02BF-407D-9CC3-F8455AAFD1F1}.Debug|Any CPU.ActiveCfg = Debug|Any CPU
		{C8C80A27-02BF-407D-9CC3-F8455AAFD1F1}.Debug|Any CPU.Build.0 = Debug|Any CPU
		{C8C80A27-02BF-407D-9CC3-F8455AAFD1F1}.Release|Any CPU.ActiveCfg = Release|Any CPU
		{C8C80A27-02BF-407D-9CC3-F8455AAFD1F1}.Release|Any CPU.Build.0 = Release|Any CPU
	EndGlobalSection
	GlobalSection(SolutionProperties) = preSolution
		HideSolutionNode = FALSE
	EndGlobalSection
	GlobalSection(ExtensibilityGlobals) = postSolution
		SolutionGuid = {3DA175F8-3901-4D11-B525-F750A8C7C5C1}
	EndGlobalSection
EndGlobal
